
Microsoft Visual Studio Solution File, Format Version 12.00
# Visual Studio Version 17
VisualStudioVersion = 17.7.34031.279
MinimumVisualStudioVersion = 10.0.40219.1
Project("{FAE04EC0-301F-11D3-BF4B-00C04F79EFBC}") = "JLBlazor_Ecommerce.Server", "JLBlazor_Ecommerce\Server\JLBlazor_Ecommerce.Server.csproj", "{2A7FD461-D30D-41BC-B48C-A3695BDFFF93}"
EndProject
Project("{FAE04EC0-301F-11D3-BF4B-00C04F79EFBC}") = "JLBlazor_Ecommerce.Client", "JLBlazor_Ecommerce\Client\JLBlazor_Ecommerce.Client.csproj", "{1F249552-64CE-4A5E-943B-7ADF1E1CAC5F}"
EndProject
Project("{FAE04EC0-301F-11D3-BF4B-00C04F79EFBC}") = "JLBlazor_Ecommerce.Shared", "JLBlazor_Ecommerce\Shared\JLBlazor_Ecommerce.Shared.csproj", "{5D81F2E3-729B-4181-B760-21D9823FCDEF}"
EndProject
Global
	GlobalSection(SolutionConfigurationPlatforms) = preSolution
		Debug|Any CPU = Debug|Any CPU
		Release|Any CPU = Release|Any CPU
	EndGlobalSection
	GlobalSection(ProjectConfigurationPlatforms) = postSolution
		{2A7FD461-D30D-41BC-B48C-A3695BDFFF93}.Debug|Any CPU.ActiveCfg = Debug|Any CPU
		{2A7FD461-D30D-41BC-B48C-A3695BDFFF93}.Debug|Any CPU.Build.0 = Debug|Any CPU
		{2A7FD461-D30D-41BC-B48C-A3695BDFFF93}.Release|Any CPU.ActiveCfg = Release|Any CPU
		{2A7FD461-D30D-41BC-B48C-A3695BDFFF93}.Release|Any CPU.Build.0 = Release|Any CPU
		{1F249552-64CE-4A5E-943B-7ADF1E1CAC5F}.Debug|Any CPU.ActiveCfg = Debug|Any CPU
		{1F249552-64CE-4A5E-943B-7ADF1E1CAC5F}.Debug|Any CPU.Build.0 = Debug|Any CPU
		{1F249552-64CE-4A5E-943B-7ADF1E1CAC5F}.Release|Any CPU.ActiveCfg = Release|Any CPU
		{1F249552-64CE-4A5E-943B-7ADF1E1CAC5F}.Release|Any CPU.Build.0 = Release|Any CPU
		{5D81F2E3-729B-4181-B760-21D9823FCDEF}.Debug|Any CPU.ActiveCfg = Debug|Any CPU
		{5D81F2E3-729B-4181-B760-21D9823FCDEF}.Debug|Any CPU.Build.0 = Debug|Any CPU
		{5D81F2E3-729B-4181-B760-21D9823FCDEF}.Release|Any CPU.ActiveCfg = Release|Any CPU
		{5D81F2E3-729B-4181-B760-21D9823FCDEF}.Release|Any CPU.Build.0 = Release|Any CPU
	EndGlobalSection
	GlobalSection(SolutionProperties) = preSolution
		HideSolutionNode = FALSE
	EndGlobalSection
	GlobalSection(ExtensibilityGlobals) = postSolution
		SolutionGuid = {166508DD-8C7A-485B-BD05-84591E1A4C41}
	EndGlobalSection
EndGlobal
